// !$*UTF8*$!
{
	archiveVersion = 1;
	classes = {
	};
	objectVersion = 50;
	objects = {

/* Begin PBXBuildFile section */
		B85C646D2187FBA6000CBEB2 /* AppDelegate.swift in Sources */ = {isa = PBXBuildFile; fileRef = B85C646C2187FBA6000CBEB2 /* AppDelegate.swift */; };
		B85C646F2187FBA6000CBEB2 /* ViewController.swift in Sources */ = {isa = PBXBuildFile; fileRef = B85C646E2187FBA6000CBEB2 /* ViewController.swift */; };
		B85C64722187FBA6000CBEB2 /* Main.storyboard in Resources */ = {isa = PBXBuildFile; fileRef = B85C64702187FBA6000CBEB2 /* Main.storyboard */; };
		B85C64742187FBAA000CBEB2 /* Assets.xcassets in Resources */ = {isa = PBXBuildFile; fileRef = B85C64732187FBAA000CBEB2 /* Assets.xcassets */; };
		B85C64772187FBAA000CBEB2 /* LaunchScreen.storyboard in Resources */ = {isa = PBXBuildFile; fileRef = B85C64752187FBAA000CBEB2 /* LaunchScreen.storyboard */; };
		B85C64822187FBAA000CBEB2 /* modifyPositioningTests.swift in Sources */ = {isa = PBXBuildFile; fileRef = B85C64812187FBAA000CBEB2 /* modifyPositioningTests.swift */; };
		B85C648D2187FBAA000CBEB2 /* modifyPositioningUITests.swift in Sources */ = {isa = PBXBuildFile; fileRef = B85C648C2187FBAA000CBEB2 /* modifyPositioningUITests.swift */; };
		B85C649B2187FC30000CBEB2 /* LocationManage.swift in Sources */ = {isa = PBXBuildFile; fileRef = B85C649A2187FC30000CBEB2 /* LocationManage.swift */; };
		B85C649D21880A63000CBEB2 /* Location.gpx in Resources */ = {isa = PBXBuildFile; fileRef = B85C649C21880A63000CBEB2 /* Location.gpx */; };
/* End PBXBuildFile section */

/* Begin PBXContainerItemProxy section */
		B85C647E2187FBAA000CBEB2 /* PBXContainerItemProxy */ = {
			isa = PBXContainerItemProxy;
			containerPortal = B85C64612187FBA5000CBEB2 /* Project object */;
			proxyType = 1;
			remoteGlobalIDString = B85C64682187FBA6000CBEB2;
			remoteInfo = modifyPositioning;
		};
		B85C64892187FBAA000CBEB2 /* PBXContainerItemProxy */ = {
			isa = PBXContainerItemProxy;
			containerPortal = B85C64612187FBA5000CBEB2 /* Project object */;
			proxyType = 1;
			remoteGlobalIDString = B85C64682187FBA6000CBEB2;
			remoteInfo = modifyPositioning;
		};
/* End PBXContainerItemProxy section */

/* Begin PBXFileReference section */
		B85C64692187FBA6000CBEB2 /* modifyPositioning.app */ = {isa = PBXFileReference; explicitFileType = wrapper.application; includeInIndex = 0; path = modifyPositioning.app; sourceTree = BUILT_PRODUCTS_DIR; };
		B85C646C2187FBA6000CBEB2 /* AppDelegate.swift */ = {isa = PBXFileReference; lastKnownFileType = sourcecode.swift; path = AppDelegate.swift; sourceTree = "<group>"; };
		B85C646E2187FBA6000CBEB2 /* ViewController.swift */ = {isa = PBXFileReference; lastKnownFileType = sourcecode.swift; path = ViewController.swift; sourceTree = "<group>"; };
		B85C64712187FBA6000CBEB2 /* Base */ = {isa = PBXFileReference; lastKnownFileType = file.storyboard; name = Base; path = Base.lproj/Main.storyboard; sourceTree = "<group>"; };
		B85C64732187FBAA000CBEB2 /* Assets.xcassets */ = {isa = PBXFileReference; lastKnownFileType = folder.assetcatalog; path = Assets.xcassets; sourceTree = "<group>"; };
		B85C64762187FBAA000CBEB2 /* Base */ = {isa = PBXFileReference; lastKnownFileType = file.storyboard; name = Base; path = Base.lproj/LaunchScreen.storyboard; sourceTree = "<group>"; };
		B85C64782187FBAA000CBEB2 /* Info.plist */ = {isa = PBXFileReference; lastKnownFileType = text.plist.xml; path = Info.plist; sourceTree = "<group>"; };
		B85C647D2187FBAA000CBEB2 /* modifyPositioningTests.xctest */ = {isa = PBXFileReference; explicitFileType = wrapper.cfbundle; includeInIndex = 0; path = modifyPositioningTests.xctest; sourceTree = BUILT_PRODUCTS_DIR; };
		B85C64812187FBAA000CBEB2 /* modifyPositioningTests.swift */ = {isa = PBXFileReference; lastKnownFileType = sourcecode.swift; path = modifyPositioningTests.swift; sourceTree = "<group>"; };
		B85C64832187FBAA000CBEB2 /* Info.plist */ = {isa = PBXFileReference; lastKnownFileType = text.plist.xml; path = Info.plist; sourceTree = "<group>"; };
		B85C64882187FBAA000CBEB2 /* modifyPositioningUITests.xctest */ = {isa = PBXFileReference; explicitFileType = wrapper.cfbundle; includeInIndex = 0; path = modifyPositioningUITests.xctest; sourceTree = BUILT_PRODUCTS_DIR; };
		B85C648C2187FBAA000CBEB2 /* modifyPositioningUITests.swift */ = {isa = PBXFileReference; lastKnownFileType = sourcecode.swift; path = modifyPositioningUITests.swift; sourceTree = "<group>"; };
		B85C648E2187FBAA000CBEB2 /* Info.plist */ = {isa = PBXFileReference; lastKnownFileType = text.plist.xml; path = Info.plist; sourceTree = "<group>"; };
		B85C649A2187FC30000CBEB2 /* LocationManage.swift */ = {isa = PBXFileReference; lastKnownFileType = sourcecode.swift; path = LocationManage.swift; sourceTree = "<group>"; };
		B85C649C21880A63000CBEB2 /* Location.gpx */ = {isa = PBXFileReference; lastKnownFileType = text.xml; path = Location.gpx; sourceTree = "<group>"; };
/* End PBXFileReference section */

/* Begin PBXFrameworksBuildPhase section */
		B85C64662187FBA6000CBEB2 /* Frameworks */ = {
			isa = PBXFrameworksBuildPhase;
			buildActionMask = 2147483647;
			files = (
			);
			runOnlyForDeploymentPostprocessing = 0;
		};
		B85C647A2187FBAA000CBEB2 /* Frameworks */ = {
			isa = PBXFrameworksBuildPhase;
			buildActionMask = 2147483647;
			files = (
			);
			runOnlyForDeploymentPostprocessing = 0;
		};
		B85C64852187FBAA000CBEB2 /* Frameworks */ = {
			isa = PBXFrameworksBuildPhase;
			buildActionMask = 2147483647;
			files = (
			);
			runOnlyForDeploymentPostprocessing = 0;
		};
/* End PBXFrameworksBuildPhase section */

/* Begin PBXGroup section */
		B85C64602187FBA5000CBEB2 = {
			isa = PBXGroup;
			children = (
				B85C646B2187FBA6000CBEB2 /* modifyPositioning */,
				B85C64802187FBAA000CBEB2 /* modifyPositioningTests */,
				B85C648B2187FBAA000CBEB2 /* modifyPositioningUITests */,
				B85C646A2187FBA6000CBEB2 /* Products */,
			);
			sourceTree = "<group>";
		};
		B85C646A2187FBA6000CBEB2 /* Products */ = {
			isa = PBXGroup;
			children = (
				B85C64692187FBA6000CBEB2 /* modifyPositioning.app */,
				B85C647D2187FBAA000CBEB2 /* modifyPositioningTests.xctest */,
				B85C64882187FBAA000CBEB2 /* modifyPositioningUITests.xctest */,
			);
			name = Products;
			sourceTree = "<group>";
		};
		B85C646B2187FBA6000CBEB2 /* modifyPositioning */ = {
			isa = PBXGroup;
			children = (
				B85C646C2187FBA6000CBEB2 /* AppDelegate.swift */,
				B85C646E2187FBA6000CBEB2 /* ViewController.swift */,
				B85C649C21880A63000CBEB2 /* Location.gpx */,
				B85C649A2187FC30000CBEB2 /* LocationManage.swift */,
				B85C64702187FBA6000CBEB2 /* Main.storyboard */,
				B85C64732187FBAA000CBEB2 /* Assets.xcassets */,
				B85C64752187FBAA000CBEB2 /* LaunchScreen.storyboard */,
				B85C64782187FBAA000CBEB2 /* Info.plist */,
			);
			path = modifyPositioning;
			sourceTree = "<group>";
		};
		B85C64802187FBAA000CBEB2 /* modifyPositioningTests */ = {
			isa = PBXGroup;
			children = (
				B85C64812187FBAA000CBEB2 /* modifyPositioningTests.swift */,
				B85C64832187FBAA000CBEB2 /* Info.plist */,
			);
			path = modifyPositioningTests;
			sourceTree = "<group>";
		};
		B85C648B2187FBAA000CBEB2 /* modifyPositioningUITests */ = {
			isa = PBXGroup;
			children = (
				B85C648C2187FBAA000CBEB2 /* modifyPositioningUITests.swift */,
				B85C648E2187FBAA000CBEB2 /* Info.plist */,
			);
			path = modifyPositioningUITests;
			sourceTree = "<group>";
		};
/* End PBXGroup section */

/* Begin PBXNativeTarget section */
		B85C64682187FBA6000CBEB2 /* modifyPositioning */ = {
			isa = PBXNativeTarget;
			buildConfigurationList = B85C64912187FBAA000CBEB2 /* Build configuration list for PBXNativeTarget "modifyPositioning" */;
			buildPhases = (
				B85C64652187FBA6000CBEB2 /* Sources */,
				B85C64662187FBA6000CBEB2 /* Frameworks */,
				B85C64672187FBA6000CBEB2 /* Resources */,
			);
			buildRules = (
			);
			dependencies = (
			);
			name = modifyPositioning;
			productName = modifyPositioning;
			productReference = B85C64692187FBA6000CBEB2 /* modifyPositioning.app */;
			productType = "com.apple.product-type.application";
		};
		B85C647C2187FBAA000CBEB2 /* modifyPositioningTests */ = {
			isa = PBXNativeTarget;
			buildConfigurationList = B85C64942187FBAA000CBEB2 /* Build configuration list for PBXNativeTarget "modifyPositioningTests" */;
			buildPhases = (
				B85C64792187FBAA000CBEB2 /* Sources */,
				B85C647A2187FBAA000CBEB2 /* Frameworks */,
				B85C647B2187FBAA000CBEB2 /* Resources */,
			);
			buildRules = (
			);
			dependencies = (
				B85C647F2187FBAA000CBEB2 /* PBXTargetDependency */,
			);
			name = modifyPositioningTests;
			productName = modifyPositioningTests;
			productReference = B85C647D2187FBAA000CBEB2 /* modifyPositioningTests.xctest */;
			productType = "com.apple.product-type.bundle.unit-test";
		};
		B85C64872187FBAA000CBEB2 /* modifyPositioningUITests */ = {
			isa = PBXNativeTarget;
			buildConfigurationList = B85C64972187FBAA000CBEB2 /* Build configuration list for PBXNativeTarget "modifyPositioningUITests" */;
			buildPhases = (
				B85C64842187FBAA000CBEB2 /* Sources */,
				B85C64852187FBAA000CBEB2 /* Frameworks */,
				B85C64862187FBAA000CBEB2 /* Resources */,
			);
			buildRules = (
			);
			dependencies = (
				B85C648A2187FBAA000CBEB2 /* PBXTargetDependency */,
			);
			name = modifyPositioningUITests;
			productName = modifyPositioningUITests;
			productReference = B85C64882187FBAA000CBEB2 /* modifyPositioningUITests.xctest */;
			productType = "com.apple.product-type.bundle.ui-testing";
		};
/* End PBXNativeTarget section */

/* Begin PBXProject section */
		B85C64612187FBA5000CBEB2 /* Project object */ = {
			isa = PBXProject;
			attributes = {
				LastSwiftUpdateCheck = 1000;
				LastUpgradeCheck = 1000;
				ORGANIZATIONNAME = daiyazhou;
				TargetAttributes = {
					B85C64682187FBA6000CBEB2 = {
						CreatedOnToolsVersion = 10.0;
					};
					B85C647C2187FBAA000CBEB2 = {
						CreatedOnToolsVersion = 10.0;
						TestTargetID = B85C64682187FBA6000CBEB2;
					};
					B85C64872187FBAA000CBEB2 = {
						CreatedOnToolsVersion = 10.0;
						TestTargetID = B85C64682187FBA6000CBEB2;
					};
				};
			};
			buildConfigurationList = B85C64642187FBA6000CBEB2 /* Build configuration list for PBXProject "modifyPositioning" */;
			compatibilityVersion = "Xcode 9.3";
			developmentRegion = en;
			hasScannedForEncodings = 0;
			knownRegions = (
				en,
				Base,
			);
			mainGroup = B85C64602187FBA5000CBEB2;
			productRefGroup = B85C646A2187FBA6000CBEB2 /* Products */;
			projectDirPath = "";
			projectRoot = "";
			targets = (
				B85C64682187FBA6000CBEB2 /* modifyPositioning */,
				B85C647C2187FBAA000CBEB2 /* modifyPositioningTests */,
				B85C64872187FBAA000CBEB2 /* modifyPositioningUITests */,
			);
		};
/* End PBXProject section */

/* Begin PBXResourcesBuildPhase section */
		B85C64672187FBA6000CBEB2 /* Resources */ = {
			isa = PBXResourcesBuildPhase;
			buildActionMask = 2147483647;
			files = (
				B85C64772187FBAA000CBEB2 /* LaunchScreen.storyboard in Resources */,
				B85C64742187FBAA000CBEB2 /* Assets.xcassets in Resources */,
				B85C649D21880A63000CBEB2 /* Location.gpx in Resources */,
				B85C64722187FBA6000CBEB2 /* Main.storyboard in Resources */,
			);
			runOnlyForDeploymentPostprocessing = 0;
		};
		B85C647B2187FBAA000CBEB2 /* Resources */ = {
			isa = PBXResourcesBuildPhase;
			buildActionMask = 2147483647;
			files = (
			);
			runOnlyForDeploymentPostprocessing = 0;
		};
		B85C64862187FBAA000CBEB2 /* Resources */ = {
			isa = PBXResourcesBuildPhase;
			buildActionMask = 2147483647;
			files = (
			);
			runOnlyForDeploymentPostprocessing = 0;
		};
/* End PBXResourcesBuildPhase section */

/* Begin PBXSourcesBuildPhase section */
		B85C64652187FBA6000CBEB2 /* Sources */ = {
			isa = PBXSourcesBuildPhase;
			buildActionMask = 2147483647;
			files = (
				B85C646F2187FBA6000CBEB2 /* ViewController.swift in Sources */,
				B85C649B2187FC30000CBEB2 /* LocationManage.swift in Sources */,
				B85C646D2187FBA6000CBEB2 /* AppDelegate.swift in Sources */,
			);
			runOnlyForDeploymentPostprocessing = 0;
		};
		B85C64792187FBAA000CBEB2 /* Sources */ = {
			isa = PBXSourcesBuildPhase;
			buildActionMask = 2147483647;
			files = (
				B85C64822187FBAA000CBEB2 /* modifyPositioningTests.swift in Sources */,
			);
			runOnlyForDeploymentPostprocessing = 0;
		};
		B85C64842187FBAA000CBEB2 /* Sources */ = {
			isa = PBXSourcesBuildPhase;
			buildActionMask = 2147483647;
			files = (
				B85C648D2187FBAA000CBEB2 /* modifyPositioningUITests.swift in Sources */,
			);
			runOnlyForDeploymentPostprocessing = 0;
		};
/* End PBXSourcesBuildPhase section */

/* Begin PBXTargetDependency section */
		B85C647F2187FBAA000CBEB2 /* PBXTargetDependency */ = {
			isa = PBXTargetDependency;
			target = B85C64682187FBA6000CBEB2 /* modifyPositioning */;
			targetProxy = B85C647E2187FBAA000CBEB2 /* PBXContainerItemProxy */;
		};
		B85C648A2187FBAA000CBEB2 /* PBXTargetDependency */ = {
			isa = PBXTargetDependency;
			target = B85C64682187FBA6000CBEB2 /* modifyPositioning */;
			targetProxy = B85C64892187FBAA000CBEB2 /* PBXContainerItemProxy */;
		};
/* End PBXTargetDependency section */

/* Begin PBXVariantGroup section */
		B85C64702187FBA6000CBEB2 /* Main.storyboard */ = {
			isa = PBXVariantGroup;
			children = (
				B85C64712187FBA6000CBEB2 /* Base */,
			);
			name = Main.storyboard;
			sourceTree = "<group>";
		};
		B85C64752187FBAA000CBEB2 /* LaunchScreen.storyboard */ = {
			isa = PBXVariantGroup;
			children = (
				B85C64762187FBAA000CBEB2 /* Base */,
			);
			name = LaunchScreen.storyboard;
			sourceTree = "<group>";
		};
/* End PBXVariantGroup section */

/* Begin XCBuildConfiguration section */
		B85C648F2187FBAA000CBEB2 /* Debug */ = {
			isa = XCBuildConfiguration;
			buildSettings = {
				ALWAYS_SEARCH_USER_PATHS = NO;
				CLANG_ANALYZER_NONNULL = YES;
				CLANG_ANALYZER_NUMBER_OBJECT_CONVERSION = YES_AGGRESSIVE;
				CLANG_CXX_LANGUAGE_STANDARD = "gnu++14";
				CLANG_CXX_LIBRARY = "libc++";
				CLANG_ENABLE_MODULES = YES;
				CLANG_ENABLE_OBJC_ARC = YES;
				CLANG_ENABLE_OBJC_WEAK = YES;
				CLANG_WARN_BLOCK_CAPTURE_AUTORELEASING = YES;
				CLANG_WARN_BOOL_CONVERSION = YES;
				CLANG_WARN_COMMA = YES;
				CLANG_WARN_CONSTANT_CONVERSION = YES;
				CLANG_WARN_DEPRECATED_OBJC_IMPLEMENTATIONS = YES;
				CLANG_WARN_DIRECT_OBJC_ISA_USAGE = YES_ERROR;
				CLANG_WARN_DOCUMENTATION_COMMENTS = YES;
				CLANG_WARN_EMPTY_BODY = YES;
				CLANG_WARN_ENUM_CONVERSION = YES;
				CLANG_WARN_INFINITE_RECURSION = YES;
				CLANG_WARN_INT_CONVERSION = YES;
				CLANG_WARN_NON_LITERAL_NULL_CONVERSION = YES;
				CLANG_WARN_OBJC_IMPLICIT_RETAIN_SELF = YES;
				CLANG_WARN_OBJC_LITERAL_CONVERSION = YES;
				CLANG_WARN_OBJC_ROOT_CLASS = YES_ERROR;
				CLANG_WARN_RANGE_LOOP_ANALYSIS = YES;
				CLANG_WARN_STRICT_PROTOTYPES = YES;
				CLANG_WARN_SUSPICIOUS_MOVE = YES;
				CLANG_WARN_UNGUARDED_AVAILABILITY = YES_AGGRESSIVE;
				CLANG_WARN_UNREACHABLE_CODE = YES;
				CLANG_WARN__DUPLICATE_METHOD_MATCH = YES;
				CODE_SIGN_IDENTITY = "iPhone Developer";
				COPY_PHASE_STRIP = NO;
				DEBUG_INFORMATION_FORMAT = dwarf;
				ENABLE_STRICT_OBJC_MSGSEND = YES;
				ENABLE_TESTABILITY = YES;
				GCC_C_LANGUAGE_STANDARD = gnu11;
				GCC_DYNAMIC_NO_PIC = NO;
				GCC_NO_COMMON_BLOCKS = YES;
				GCC_OPTIMIZATION_LEVEL = 0;
				GCC_PREPROCESSOR_DEFINITIONS = (
					"DEBUG=1",
					"$(inherited)",
				);
				GCC_WARN_64_TO_32_BIT_CONVERSION = YES;
				GCC_WARN_ABOUT_RETURN_TYPE = YES_ERROR;
				GCC_WARN_UNDECLARED_SELECTOR = YES;
				GCC_WARN_UNINITIALIZED_AUTOS = YES_AGGRESSIVE;
				GCC_WARN_UNUSED_FUNCTION = YES;
				GCC_WARN_UNUSED_VARIABLE = YES;
				IPHONEOS_DEPLOYMENT_TARGET = 9.0;
				MTL_ENABLE_DEBUG_INFO = INCLUDE_SOURCE;
				MTL_FAST_MATH = YES;
				ONLY_ACTIVE_ARCH = YES;
				SDKROOT = iphoneos;
				SWIFT_ACTIVE_COMPILATION_CONDITIONS = DEBUG;
				SWIFT_OPTIMIZATION_LEVEL = "-Onone";
			};
			name = Debug;
		};
		B85C64902187FBAA000CBEB2 /* Release */ = {
			isa = XCBuildConfiguration;
			buildSettings = {
				ALWAYS_SEARCH_USER_PATHS = NO;
				CLANG_ANALYZER_NONNULL = YES;
				CLANG_ANALYZER_NUMBER_OBJECT_CONVERSION = YES_AGGRESSIVE;
				CLANG_CXX_LANGUAGE_STANDARD = "gnu++14";
				CLANG_CXX_LIBRARY = "libc++";
				CLANG_ENABLE_MODULES = YES;
				CLANG_ENABLE_OBJC_ARC = YES;
				CLANG_ENABLE_OBJC_WEAK = YES;
				CLANG_WARN_BLOCK_CAPTURE_AUTORELEASING = YES;
				CLANG_WARN_BOOL_CONVERSION = YES;
				CLANG_WARN_COMMA = YES;
				CLANG_WARN_CONSTANT_CONVERSION = YES;
				CLANG_WARN_DEPRECATED_OBJC_IMPLEMENTATIONS = YES;
				CLANG_WARN_DIRECT_OBJC_ISA_USAGE = YES_ERROR;
				CLANG_WARN_DOCUMENTATION_COMMENTS = YES;
				CLANG_WARN_EMPTY_BODY = YES;
				CLANG_WARN_ENUM_CONVERSION = YES;
				CLANG_WARN_INFINITE_RECURSION = YES;
				CLANG_WARN_INT_CONVERSION = YES;
				CLANG_WARN_NON_LITERAL_NULL_CONVERSION = YES;
				CLANG_WARN_OBJC_IMPLICIT_RETAIN_SELF = YES;
				CLANG_WARN_OBJC_LITERAL_CONVERSION = YES;
				CLANG_WARN_OBJC_ROOT_CLASS = YES_ERROR;
				CLANG_WARN_RANGE_LOOP_ANALYSIS = YES;
				CLANG_WARN_STRICT_PROTOTYPES = YES;
				CLANG_WARN_SUSPICIOUS_MOVE = YES;
				CLANG_WARN_UNGUARDED_AVAILABILITY = YES_AGGRESSIVE;
				CLANG_WARN_UNREACHABLE_CODE = YES;
				CLANG_WARN__DUPLICATE_METHOD_MATCH = YES;
				CODE_SIGN_IDENTITY = "iPhone Developer";
				COPY_PHASE_STRIP = NO;
				DEBUG_INFORMATION_FORMAT = "dwarf-with-dsym";
				ENABLE_NS_ASSERTIONS = NO;
				ENABLE_STRICT_OBJC_MSGSEND = YES;
				GCC_C_LANGUAGE_STANDARD = gnu11;
				GCC_NO_COMMON_BLOCKS = YES;
				GCC_WARN_64_TO_32_BIT_CONVERSION = YES;
				GCC_WARN_ABOUT_RETURN_TYPE = YES_ERROR;
				GCC_WARN_UNDECLARED_SELECTOR = YES;
				GCC_WARN_UNINITIALIZED_AUTOS = YES_AGGRESSIVE;
				GCC_WARN_UNUSED_FUNCTION = YES;
				GCC_WARN_UNUSED_VARIABLE = YES;
				IPHONEOS_DEPLOYMENT_TARGET = 9.0;
				MTL_ENABLE_DEBUG_INFO = NO;
				MTL_FAST_MATH = YES;
				SDKROOT = iphoneos;
				SWIFT_COMPILATION_MODE = wholemodule;
				SWIFT_OPTIMIZATION_LEVEL = "-O";
				VALIDATE_PRODUCT = YES;
			};
			name = Release;
		};
		B85C64922187FBAA000CBEB2 /* Debug */ = {
			isa = XCBuildConfiguration;
			buildSettings = {
				ASSETCATALOG_COMPILER_APPICON_NAME = AppIcon;
				CODE_SIGN_STYLE = Automatic;
				DEVELOPMENT_TEAM = 968Q63C2Z7;
				INFOPLIST_FILE = modifyPositioning/Info.plist;
				LD_RUNPATH_SEARCH_PATHS = (
					"$(inherited)",
					"@executable_path/Frameworks",
				);
				PRODUCT_BUNDLE_IDENTIFIER = modify.Locationf1;
				PRODUCT_NAME = "$(TARGET_NAME)";
				SWIFT_VERSION = 4.2;
				TARGETED_DEVICE_FAMILY = "1,2";
			};
			name = Debug;
		};
		B85C64932187FBAA000CBEB2 /* Release */ = {
			isa = XCBuildConfiguration;
			buildSettings = {
				ASSETCATALOG_COMPILER_APPICON_NAME = AppIcon;
				CODE_SIGN_STYLE = Automatic;
				DEVELOPMENT_TEAM = 968Q63C2Z7;
				INFOPLIST_FILE = modifyPositioning/Info.plist;
				LD_RUNPATH_SEARCH_PATHS = (
					"$(inherited)",
					"@executable_path/Frameworks",
				);
				PRODUCT_BUNDLE_IDENTIFIER = modify.Locationf1;
				PRODUCT_NAME = "$(TARGET_NAME)";
				SWIFT_VERSION = 4.2;
				TARGETED_DEVICE_FAMILY = "1,2";
			};
			name = Release;
		};
		B85C64952187FBAA000CBEB2 /* Debug */ = {
			isa = XCBuildConfiguration;
			buildSettings = {
				ALWAYS_EMBED_SWIFT_STANDARD_LIBRARIES = YES;
				BUNDLE_LOADER = "$(TEST_HOST)";
				CODE_SIGN_STYLE = Automatic;
				DEVELOPMENT_TEAM = 7BRH4AA67B;
				INFOPLIST_FILE = modifyPositioningTests/Info.plist;
				LD_RUNPATH_SEARCH_PATHS = (
					"$(inherited)",
					"@executable_path/Frameworks",
					"@loader_path/Frameworks",
				);
				PRODUCT_BUNDLE_IDENTIFIER = modifyPositioning.modifyPositioningTests;
				PRODUCT_NAME = "$(TARGET_NAME)";
				SWIFT_VERSION = 4.2;
				TARGETED_DEVICE_FAMILY = "1,2";
				TEST_HOST = "$(BUILT_PRODUCTS_DIR)/modifyPositioning.app/modifyPositioning";
			};
			name = Debug;
		};
		B85C64962187FBAA000CBEB2 /* Release */ = {
			isa = XCBuildConfiguration;
			buildSettings = {
				ALWAYS_EMBED_SWIFT_STANDARD_LIBRARIES = YES;
				BUNDLE_LOADER = "$(TEST_HOST)";
				CODE_SIGN_STYLE = Automatic;
				DEVELOPMENT_TEAM = 7BRH4AA67B;
				INFOPLIST_FILE = modifyPositioningTests/Info.plist;
				LD_RUNPATH_SEARCH_PATHS = (
					"$(inherited)",
					"@executable_path/Frameworks",
					"@loader_path/Frameworks",
				);
				PRODUCT_BUNDLE_IDENTIFIER = modifyPositioning.modifyPositioningTests;
				PRODUCT_NAME = "$(TARGET_NAME)";
				SWIFT_VERSION = 4.2;
				TARGETED_DEVICE_FAMILY = "1,2";
				TEST_HOST = "$(BUILT_PRODUCTS_DIR)/modifyPositioning.app/modifyPositioning";
			};
			name = Release;
		};
		B85C64982187FBAA000CBEB2 /* Debug */ = {
			isa = XCBuildConfiguration;
			buildSettings = {
				ALWAYS_EMBED_SWIFT_STANDARD_LIBRARIES = YES;
				CODE_SIGN_STYLE = Automatic;
				DEVELOPMENT_TEAM = 7BRH4AA67B;
				INFOPLIST_FILE = modifyPositioningUITests/Info.plist;
				LD_RUNPATH_SEARCH_PATHS = (
					"$(inherited)",
					"@executable_path/Frameworks",
					"@loader_path/Frameworks",
				);
				PRODUCT_BUNDLE_IDENTIFIER = modifyPositioning.modifyPositioningUITests;
				PRODUCT_NAME = "$(TARGET_NAME)";
				SWIFT_VERSION = 4.2;
				TARGETED_DEVICE_FAMILY = "1,2";
				TEST_TARGET_NAME = modifyPositioning;
			};
			name = Debug;
		};
		B85C64992187FBAA000CBEB2 /* Release */ = {
			isa = XCBuildConfiguration;
			buildSettings = {
				ALWAYS_EMBED_SWIFT_STANDARD_LIBRARIES = YES;
				CODE_SIGN_STYLE = Automatic;
				DEVELOPMENT_TEAM = 7BRH4AA67B;
				INFOPLIST_FILE = modifyPositioningUITests/Info.plist;
				LD_RUNPATH_SEARCH_PATHS = (
					"$(inherited)",
					"@executable_path/Frameworks",
					"@loader_path/Frameworks",
				);
				PRODUCT_BUNDLE_IDENTIFIER = modifyPositioning.modifyPositioningUITests;
				PRODUCT_NAME = "$(TARGET_NAME)";
				SWIFT_VERSION = 4.2;
				TARGETED_DEVICE_FAMILY = "1,2";
				TEST_TARGET_NAME = modifyPositioning;
			};
			name = Release;
		};
/* End XCBuildConfiguration section */

/* Begin XCConfigurationList section */
		B85C64642187FBA6000CBEB2 /* Build configuration list for PBXProject "modifyPositioning" */ = {
			isa = XCConfigurationList;
			buildConfigurations = (
				B85C648F2187FBAA000CBEB2 /* Debug */,
				B85C64902187FBAA000CBEB2 /* Release */,
			);
			defaultConfigurationIsVisible = 0;
			defaultConfigurationName = Release;
		};
		B85C64912187FBAA000CBEB2 /* Build configuration list for PBXNativeTarget "modifyPositioning" */ = {
			isa = XCConfigurationList;
			buildConfigurations = (
				B85C64922187FBAA000CBEB2 /* Debug */,
				B85C64932187FBAA000CBEB2 /* Release */,
			);
			defaultConfigurationIsVisible = 0;
			defaultConfigurationName = Release;
		};
		B85C64942187FBAA000CBEB2 /* Build configuration list for PBXNativeTarget "modifyPositioningTests" */ = {
			isa = XCConfigurationList;
			buildConfigurations = (
				B85C64952187FBAA000CBEB2 /* Debug */,
				B85C64962187FBAA000CBEB2 /* Release */,
			);
			defaultConfigurationIsVisible = 0;
			defaultConfigurationName = Release;
		};
		B85C64972187FBAA000CBEB2 /* Build configuration list for PBXNativeTarget "modifyPositioningUITests" */ = {
			isa = XCConfigurationList;
			buildConfigurations = (
				B85C64982187FBAA000CBEB2 /* Debug */,
				B85C64992187FBAA000CBEB2 /* Release */,
			);
			defaultConfigurationIsVisible = 0;
			defaultConfigurationName = Release;
		};
/* End XCConfigurationList section */
	};
	rootObject = B85C64612187FBA5000CBEB2 /* Project object */;
}
